#
# This file is autogenerated by pip-compile with Python 3.10
# by the following command:
#
#    pip-compile --output-file=requirements.lock requirements.txt
#
aiohappyeyeballs==2.4.3
    # via aiohttp
aiohttp==3.11.8
    # via langchain
aiosignal==1.3.1
    # via aiohttp
annotated-types==0.7.0
    # via pydantic
anyio==4.6.2.post1
    # via
    #   httpx
    #   jupyter-server
    #   openai
argon2-cffi==23.1.0
    # via jupyter-server
argon2-cffi-bindings==21.2.0
    # via argon2-cffi
arrow==1.3.0
    # via isoduration
asttokens==2.4.1
    # via stack-data
async-lru==2.0.4
    # via jupyterlab
async-timeout==4.0.3
    # via
    #   aiohttp
    #   langchain
attrs==24.2.0
    # via
    #   aiohttp
    #   jsonschema
    #   referencing
babel==2.16.0
    # via jupyterlab-server
beautifulsoup4==4.12.3
    # via nbconvert
bleach==6.2.0
    # via nbconvert
certifi==2024.8.30
    # via
    #   httpcore
    #   httpx
    #   requests
cffi==1.17.1
    # via argon2-cffi-bindings
charset-normalizer==3.4.0
    # via requests
click==8.1.7
    # via langgraph-cli
comm==0.2.2
    # via ipykernel
debugpy==1.8.9
    # via ipykernel
decorator==5.1.1
    # via ipython
defusedxml==0.7.1
    # via nbconvert
distro==1.9.0
    # via openai
exceptiongroup==1.2.2
    # via
    #   anyio
    #   ipython
executing==2.1.0
    # via stack-data
fastjsonschema==2.21.0
    # via nbformat
ffmpeg-python==0.2.0
    # via -r requirements.txt
fqdn==1.5.1
    # via jsonschema
frozenlist==1.5.0
    # via
    #   aiohttp
    #   aiosignal
future==1.0.0
    # via ffmpeg-python
gevent==24.11.1
    # via grequests
greenlet==3.1.1
    # via
    #   gevent
    #   sqlalchemy
grequests==0.7.0
    # via -r requirements.txt
h11==0.14.0
    # via httpcore
httpcore==1.0.7
    # via httpx
httpx==0.28.0
    # via
    #   jupyterlab
    #   langgraph-sdk
    #   langsmith
    #   openai
httpx-sse==0.4.0
    # via langgraph-sdk
idna==3.10
    # via
    #   anyio
    #   httpx
    #   jsonschema
    #   requests
    #   yarl
ipykernel==6.29.5
    # via jupyterlab
ipython==8.30.0
    # via ipykernel
isoduration==20.11.0
    # via jsonschema
jedi==0.19.2
    # via ipython
jinja2==3.1.4
    # via
    #   jupyter-server
    #   jupyterlab
    #   jupyterlab-server
    #   nbconvert
jiter==0.8.0
    # via openai
json5==0.10.0
    # via jupyterlab-server
jsonpatch==1.33
    # via langchain-core
jsonpointer==3.0.0
    # via
    #   jsonpatch
    #   jsonschema
jsonschema[format-nongpl]==4.23.0
    # via
    #   jupyter-events
    #   jupyterlab-server
    #   nbformat
jsonschema-specifications==2024.10.1
    # via jsonschema
jupyter-client==8.6.3
    # via
    #   ipykernel
    #   jupyter-server
    #   nbclient
jupyter-core==5.7.2
    # via
    #   ipykernel
    #   jupyter-client
    #   jupyter-server
    #   jupyterlab
    #   nbclient
    #   nbconvert
    #   nbformat
jupyter-events==0.10.0
    # via jupyter-server
jupyter-lsp==2.2.5
    # via jupyterlab
jupyter-server==2.14.2
    # via
    #   jupyter-lsp
    #   jupyterlab
    #   jupyterlab-server
    #   notebook-shim
jupyter-server-terminals==0.5.3
    # via jupyter-server
jupyterlab==4.3.1
    # via -r requirements.txt
jupyterlab-pygments==0.3.0
    # via nbconvert
jupyterlab-server==2.27.3
    # via jupyterlab
langchain==0.2.14
    # via -r requirements.txt
langchain-core==0.2.43
    # via
    #   langchain
    #   langchain-openai
    #   langchain-text-splitters
    #   langgraph
    #   langgraph-checkpoint
langchain-openai==0.1.22
    # via -r requirements.txt
langchain-text-splitters==0.2.4
    # via langchain
langgraph==0.2.53
    # via -r requirements.txt
langgraph-checkpoint==2.0.7
    # via langgraph
langgraph-cli==0.1.61
    # via -r requirements.txt
langgraph-sdk==0.1.40
    # via
    #   -r requirements.txt
    #   langgraph
langsmith==0.1.147
    # via
    #   langchain
    #   langchain-core
markdown-it-py==3.0.0
    # via rich
markupsafe==3.0.2
    # via
    #   jinja2
    #   nbconvert
matplotlib-inline==0.1.7
    # via
    #   ipykernel
    #   ipython
mdurl==0.1.2
    # via markdown-it-py
mistune==3.0.2
    # via nbconvert
msgpack==1.1.0
    # via langgraph-checkpoint
multidict==6.1.0
    # via
    #   aiohttp
    #   yarl
nbclient==0.10.1
    # via nbconvert
nbconvert==7.16.4
    # via jupyter-server
nbformat==5.10.4
    # via
    #   jupyter-server
    #   nbclient
    #   nbconvert
nest-asyncio==1.6.0
    # via ipykernel
notebook-shim==0.2.4
    # via jupyterlab
numpy==1.26.4
    # via langchain
openai==1.55.3
    # via
    #   -r requirements.txt
    #   langchain-openai
orjson==3.10.12
    # via
    #   langgraph-sdk
    #   langsmith
overrides==7.7.0
    # via jupyter-server
packaging==24.2
    # via
    #   ipykernel
    #   jupyter-server
    #   jupyterlab
    #   jupyterlab-server
    #   langchain-core
    #   nbconvert
pandocfilters==1.5.1
    # via nbconvert
parso==0.8.4
    # via jedi
pexpect==4.9.0
    # via ipython
platformdirs==4.3.6
    # via jupyter-core
prometheus-client==0.21.0
    # via jupyter-server
prompt-toolkit==3.0.48
    # via ipython
propcache==0.2.0
    # via
    #   aiohttp
    #   yarl
psutil==6.1.0
    # via ipykernel
ptyprocess==0.7.0
    # via
    #   pexpect
    #   terminado
pure-eval==0.2.3
    # via stack-data
pycparser==2.22
    # via cffi
pydantic==2.10.2
    # via
    #   langchain
    #   langchain-core
    #   langsmith
    #   openai
pydantic-core==2.27.1
    # via pydantic
pygments==2.18.0
    # via
    #   ipython
    #   nbconvert
    #   rich
python-dateutil==2.9.0.post0
    # via
    #   arrow
    #   jupyter-client
python-dotenv==1.0.1
    # via -r requirements.txt
python-json-logger==2.0.7
    # via jupyter-events
pyyaml==6.0.2
    # via
    #   jupyter-events
    #   langchain
    #   langchain-core
pyzmq==26.2.0
    # via
    #   ipykernel
    #   jupyter-client
    #   jupyter-server
referencing==0.35.1
    # via
    #   jsonschema
    #   jsonschema-specifications
    #   jupyter-events
regex==2024.11.6
    # via tiktoken
requests==2.32.3
    # via
    #   grequests
    #   jupyterlab-server
    #   langchain
    #   langsmith
    #   requests-toolbelt
    #   tiktoken
requests-toolbelt==1.0.0
    # via langsmith
rfc3339-validator==0.1.4
    # via
    #   jsonschema
    #   jupyter-events
rfc3986-validator==0.1.1
    # via
    #   jsonschema
    #   jupyter-events
rich==13.7.0
    # via -r requirements.txt
rpds-py==0.21.0
    # via
    #   jsonschema
    #   referencing
send2trash==1.8.3
    # via jupyter-server
six==1.16.0
    # via
    #   asttokens
    #   python-dateutil
    #   rfc3339-validator
sniffio==1.3.1
    # via
    #   anyio
    #   openai
soupsieve==2.6
    # via beautifulsoup4
sqlalchemy==2.0.36
    # via langchain
stack-data==0.6.3
    # via ipython
tabulate==0.9.0
    # via -r requirements.txt
tenacity==8.5.0
    # via
    #   langchain
    #   langchain-core
terminado==0.18.1
    # via
    #   jupyter-server
    #   jupyter-server-terminals
tiktoken==0.8.0
    # via langchain-openai
tinycss2==1.4.0
    # via nbconvert
tomli==2.2.1
    # via jupyterlab
tornado==6.4.2
    # via
    #   ipykernel
    #   jupyter-client
    #   jupyter-server
    #   jupyterlab
    #   terminado
tqdm==4.67.1
    # via openai
traitlets==5.14.3
    # via
    #   comm
    #   ipykernel
    #   ipython
    #   jupyter-client
    #   jupyter-core
    #   jupyter-events
    #   jupyter-server
    #   jupyterlab
    #   matplotlib-inline
    #   nbclient
    #   nbconvert
    #   nbformat
types-python-dateutil==2.9.0.20241003
    # via arrow
typing-extensions==4.12.2
    # via
    #   anyio
    #   async-lru
    #   ipython
    #   langchain-core
    #   multidict
    #   openai
    #   pydantic
    #   pydantic-core
    #   sqlalchemy
uri-template==1.3.0
    # via jsonschema
urllib3==2.2.3
    # via requests
wcwidth==0.2.13
    # via prompt-toolkit
webcolors==24.11.1
    # via jsonschema
webencodings==0.5.1
    # via
    #   bleach
    #   tinycss2
websocket-client==1.8.0
    # via jupyter-server
yarl==1.18.0
    # via aiohttp
zope-event==5.0
    # via gevent
zope-interface==7.2
    # via gevent

# The following packages are considered to be unsafe in a requirements file:
# setuptools
